{
    "_meta": {
        "hash": {
            "sha256": "127fc9839ed9c807b1c74b87cc50d65c5beab90639b844a0e89ff456dfe79a3e"
        },
        "pipfile-spec": 6,
        "requires": {
            "python_version": "3.9"
        },
        "sources": [
            {
                "name": "pypi",
                "url": "https://pypi.org/simple",
                "verify_ssl": true
            }
        ]
    },
    "default": {
        "pathtools": {
            "hashes": [
                "sha256:7c35c5421a39bb82e58018febd90e3b6e5db34c5443aaaf742b3f33d4655f1c0"
            ],
            "version": "==0.1.2"
        },
        "watchdog": {
            "hashes": [
                "sha256:c560efb643faed5ef28784b2245cf8874f939569717a4a12826a173ac644456b"
            ],
            "index": "pypi",
            "version": "==0.10.2"
        }
    },
    "develop": {}
}
